
Microsoft Visual Studio Solution File, Format Version 12.00
# Visual Studio Version 17
VisualStudioVersion = 17.0.31903.59
MinimumVisualStudioVersion = 10.0.40219.1
Project("{2150E333-8FDC-42A3-9474-1A3956D46DE8}") = "src", "src", "{9A701D9C-6D88-4988-ACB7-7EE222512CC6}"
EndProject
Project("{2150E333-8FDC-42A3-9474-1A3956D46DE8}") = "CleanArchitecturePart1", "CleanArchitecturePart1", "{37498F8E-44EC-448B-897C-BDF350F92FAE}"
EndProject
Project("{FAE04EC0-301F-11D3-BF4B-00C04F79EFBC}") = "CleanArchitecturePart1.Domain", "src\CleanArchitecturePart1\CleanArchitecturePart1.Domain\CleanArchitecturePart1.Domain.csproj", "{FAE0B143-CF6B-4BF4-B1EB-B73650963DE2}"
EndProject
Project("{FAE04EC0-301F-11D3-BF4B-00C04F79EFBC}") = "CleanArchitecturePart1.Application", "src\CleanArchitecturePart1\CleanArchitecturePart1.Application\CleanArchitecturePart1.Application.csproj", "{4DAFC9BB-7E37-40C4-B848-43BEAD96AA03}"
EndProject
Project("{FAE04EC0-301F-11D3-BF4B-00C04F79EFBC}") = "CleanArchitecturePart1.Infrastructure", "src\CleanArchitecturePart1\CleanArchitecturePart1.Infrastructure\CleanArchitecturePart1.Infrastructure.csproj", "{48B9822D-76C4-4695-8E04-0AF4446D6DB7}"
EndProject
Project("{FAE04EC0-301F-11D3-BF4B-00C04F79EFBC}") = "CleanArchitecturePart1.Api", "src\CleanArchitecturePart1\CleanArchitecturePart1.Api\CleanArchitecturePart1.Api.csproj", "{78373F70-369D-41DF-BAF0-B0CE449AB9B1}"
EndProject
Project("{2150E333-8FDC-42A3-9474-1A3956D46DE8}") = "test", "test", "{463DFBC7-9704-4C92-ADE4-C8E8F858803E}"
EndProject
Project("{2150E333-8FDC-42A3-9474-1A3956D46DE8}") = "CleanArchitecturePart1", "CleanArchitecturePart1", "{8B7AEB34-B635-4474-B4DA-72FEFD551BB3}"
EndProject
Project("{FAE04EC0-301F-11D3-BF4B-00C04F79EFBC}") = "CleanArchitecture.Domain.UnitTest", "test\CleanArchitecturePart1\CleanArchitecture.Domain.UnitTest\CleanArchitecture.Domain.UnitTest.csproj", "{5F09C4CB-BD6F-41D5-9265-922D116A86B3}"
EndProject
Project("{FAE04EC0-301F-11D3-BF4B-00C04F79EFBC}") = "CleanArchitecture.Application.UnitTest", "test\CleanArchitecturePart1\CleanArchitecture.Application.UnitTest\CleanArchitecture.Application.UnitTest.csproj", "{EF73EB2D-8432-4334-B4A2-485C266F03A4}"
EndProject
Project("{FAE04EC0-301F-11D3-BF4B-00C04F79EFBC}") = "CleanArchitecture.Application.IntegrationTest", "test\CleanArchitecturePart1\CleanArchitecture.Application.IntegrationTest\CleanArchitecture.Application.IntegrationTest.csproj", "{AE53D987-7792-41D3-B6B8-DFB424C6D1C2}"
EndProject
Global
	GlobalSection(SolutionConfigurationPlatforms) = preSolution
		Debug|Any CPU = Debug|Any CPU
		Release|Any CPU = Release|Any CPU
	EndGlobalSection
	GlobalSection(SolutionProperties) = preSolution
		HideSolutionNode = FALSE
	EndGlobalSection
	GlobalSection(ProjectConfigurationPlatforms) = postSolution
		{FAE0B143-CF6B-4BF4-B1EB-B73650963DE2}.Debug|Any CPU.ActiveCfg = Debug|Any CPU
		{FAE0B143-CF6B-4BF4-B1EB-B73650963DE2}.Debug|Any CPU.Build.0 = Debug|Any CPU
		{FAE0B143-CF6B-4BF4-B1EB-B73650963DE2}.Release|Any CPU.ActiveCfg = Release|Any CPU
		{FAE0B143-CF6B-4BF4-B1EB-B73650963DE2}.Release|Any CPU.Build.0 = Release|Any CPU
		{4DAFC9BB-7E37-40C4-B848-43BEAD96AA03}.Debug|Any CPU.ActiveCfg = Debug|Any CPU
		{4DAFC9BB-7E37-40C4-B848-43BEAD96AA03}.Debug|Any CPU.Build.0 = Debug|Any CPU
		{4DAFC9BB-7E37-40C4-B848-43BEAD96AA03}.Release|Any CPU.ActiveCfg = Release|Any CPU
		{4DAFC9BB-7E37-40C4-B848-43BEAD96AA03}.Release|Any CPU.Build.0 = Release|Any CPU
		{48B9822D-76C4-4695-8E04-0AF4446D6DB7}.Debug|Any CPU.ActiveCfg = Debug|Any CPU
		{48B9822D-76C4-4695-8E04-0AF4446D6DB7}.Debug|Any CPU.Build.0 = Debug|Any CPU
		{48B9822D-76C4-4695-8E04-0AF4446D6DB7}.Release|Any CPU.ActiveCfg = Release|Any CPU
		{48B9822D-76C4-4695-8E04-0AF4446D6DB7}.Release|Any CPU.Build.0 = Release|Any CPU
		{78373F70-369D-41DF-BAF0-B0CE449AB9B1}.Debug|Any CPU.ActiveCfg = Debug|Any CPU
		{78373F70-369D-41DF-BAF0-B0CE449AB9B1}.Debug|Any CPU.Build.0 = Debug|Any CPU
		{78373F70-369D-41DF-BAF0-B0CE449AB9B1}.Release|Any CPU.ActiveCfg = Release|Any CPU
		{78373F70-369D-41DF-BAF0-B0CE449AB9B1}.Release|Any CPU.Build.0 = Release|Any CPU
		{5F09C4CB-BD6F-41D5-9265-922D116A86B3}.Debug|Any CPU.ActiveCfg = Debug|Any CPU
		{5F09C4CB-BD6F-41D5-9265-922D116A86B3}.Debug|Any CPU.Build.0 = Debug|Any CPU
		{5F09C4CB-BD6F-41D5-9265-922D116A86B3}.Release|Any CPU.ActiveCfg = Release|Any CPU
		{5F09C4CB-BD6F-41D5-9265-922D116A86B3}.Release|Any CPU.Build.0 = Release|Any CPU
		{EF73EB2D-8432-4334-B4A2-485C266F03A4}.Debug|Any CPU.ActiveCfg = Debug|Any CPU
		{EF73EB2D-8432-4334-B4A2-485C266F03A4}.Debug|Any CPU.Build.0 = Debug|Any CPU
		{EF73EB2D-8432-4334-B4A2-485C266F03A4}.Release|Any CPU.ActiveCfg = Release|Any CPU
		{EF73EB2D-8432-4334-B4A2-485C266F03A4}.Release|Any CPU.Build.0 = Release|Any CPU
		{AE53D987-7792-41D3-B6B8-DFB424C6D1C2}.Debug|Any CPU.ActiveCfg = Debug|Any CPU
		{AE53D987-7792-41D3-B6B8-DFB424C6D1C2}.Debug|Any CPU.Build.0 = Debug|Any CPU
		{AE53D987-7792-41D3-B6B8-DFB424C6D1C2}.Release|Any CPU.ActiveCfg = Release|Any CPU
		{AE53D987-7792-41D3-B6B8-DFB424C6D1C2}.Release|Any CPU.Build.0 = Release|Any CPU
	EndGlobalSection
	GlobalSection(NestedProjects) = preSolution
		{37498F8E-44EC-448B-897C-BDF350F92FAE} = {9A701D9C-6D88-4988-ACB7-7EE222512CC6}
		{FAE0B143-CF6B-4BF4-B1EB-B73650963DE2} = {37498F8E-44EC-448B-897C-BDF350F92FAE}
		{4DAFC9BB-7E37-40C4-B848-43BEAD96AA03} = {37498F8E-44EC-448B-897C-BDF350F92FAE}
		{48B9822D-76C4-4695-8E04-0AF4446D6DB7} = {37498F8E-44EC-448B-897C-BDF350F92FAE}
		{78373F70-369D-41DF-BAF0-B0CE449AB9B1} = {37498F8E-44EC-448B-897C-BDF350F92FAE}
		{8B7AEB34-B635-4474-B4DA-72FEFD551BB3} = {463DFBC7-9704-4C92-ADE4-C8E8F858803E}
		{5F09C4CB-BD6F-41D5-9265-922D116A86B3} = {8B7AEB34-B635-4474-B4DA-72FEFD551BB3}
		{EF73EB2D-8432-4334-B4A2-485C266F03A4} = {8B7AEB34-B635-4474-B4DA-72FEFD551BB3}
		{AE53D987-7792-41D3-B6B8-DFB424C6D1C2} = {8B7AEB34-B635-4474-B4DA-72FEFD551BB3}
	EndGlobalSection
EndGlobal
